
Microsoft Visual Studio Solution File, Format Version 12.00
# Visual Studio Version 17
VisualStudioVersion = 17.1.32210.238
MinimumVisualStudioVersion = 10.0.40219.1
Project("{FAE04EC0-301F-11D3-BF4B-00C04F79EFBC}") = "MTBrokerAPI", "MTBrokerAPI\MTBrokerAPI.csproj", "{E4713E69-BF43-409A-98D4-5DA550FDB1FC}"
EndProject
Global
	GlobalSection(SolutionConfigurationPlatforms) = preSolution
		Debug|Any CPU = Debug|Any CPU
		Release|Any CPU = Release|Any CPU
	EndGlobalSection
	GlobalSection(ProjectConfigurationPlatforms) = postSolution
		{E4713E69-BF43-409A-98D4-5DA550FDB1FC}.Debug|Any CPU.ActiveCfg = Debug|Any CPU
		{E4713E69-BF43-409A-98D4-5DA550FDB1FC}.Debug|Any CPU.Build.0 = Debug|Any CPU
		{E4713E69-BF43-409A-98D4-5DA550FDB1FC}.Release|Any CPU.ActiveCfg = Release|Any CPU
		{E4713E69-BF43-409A-98D4-5DA550FDB1FC}.Release|Any CPU.Build.0 = Release|Any CPU
	EndGlobalSection
	GlobalSection(SolutionProperties) = preSolution
		HideSolutionNode = FALSE
	EndGlobalSection
	GlobalSection(ExtensibilityGlobals) = postSolution
		SolutionGuid = {304FC6A5-B83A-4235-BC78-F8308EDCDD9D}
	EndGlobalSection
EndGlobal
